// !$*UTF8*$!
{
	archiveVersion = 1;
	classes = {
	};
	objectVersion = 50;
	objects = {

/* Begin PBXBuildFile section */
		BDD7B2FD23A2BF92008BAD46 /* AppDelegate.m in Sources */ = {isa = PBXBuildFile; fileRef = BDD7B2FC23A2BF92008BAD46 /* AppDelegate.m */; };
		BDD7B30023A2BF92008BAD46 /* SceneDelegate.m in Sources */ = {isa = PBXBuildFile; fileRef = BDD7B2FF23A2BF92008BAD46 /* SceneDelegate.m */; };
		BDD7B30323A2BF92008BAD46 /* ViewController.m in Sources */ = {isa = PBXBuildFile; fileRef = BDD7B30223A2BF92008BAD46 /* ViewController.m */; };
		BDD7B30623A2BF92008BAD46 /* Main.storyboard in Resources */ = {isa = PBXBuildFile; fileRef = BDD7B30423A2BF92008BAD46 /* Main.storyboard */; };
		BDD7B30823A2BF95008BAD46 /* Assets.xcassets in Resources */ = {isa = PBXBuildFile; fileRef = BDD7B30723A2BF95008BAD46 /* Assets.xcassets */; };
		BDD7B30B23A2BF95008BAD46 /* LaunchScreen.storyboard in Resources */ = {isa = PBXBuildFile; fileRef = BDD7B30923A2BF95008BAD46 /* LaunchScreen.storyboard */; };
		BDD7B30E23A2BF95008BAD46 /* main.m in Sources */ = {isa = PBXBuildFile; fileRef = BDD7B30D23A2BF95008BAD46 /* main.m */; };
		BDD7B31623A2C56A008BAD46 /* LSIPerson.m in Sources */ = {isa = PBXBuildFile; fileRef = BDD7B31423A2C56A008BAD46 /* LSIPerson.m */; };
/* End PBXBuildFile section */

/* Begin PBXFileReference section */
		BDD7B2F823A2BF92008BAD46 /* iOS10-Numbers.app */ = {isa = PBXFileReference; explicitFileType = wrapper.application; includeInIndex = 0; path = "iOS10-Numbers.app"; sourceTree = BUILT_PRODUCTS_DIR; };
		BDD7B2FB23A2BF92008BAD46 /* AppDelegate.h */ = {isa = PBXFileReference; lastKnownFileType = sourcecode.c.h; path = AppDelegate.h; sourceTree = "<group>"; };
		BDD7B2FC23A2BF92008BAD46 /* AppDelegate.m */ = {isa = PBXFileReference; lastKnownFileType = sourcecode.c.objc; path = AppDelegate.m; sourceTree = "<group>"; };
		BDD7B2FE23A2BF92008BAD46 /* SceneDelegate.h */ = {isa = PBXFileReference; lastKnownFileType = sourcecode.c.h; path = SceneDelegate.h; sourceTree = "<group>"; };
		BDD7B2FF23A2BF92008BAD46 /* SceneDelegate.m */ = {isa = PBXFileReference; lastKnownFileType = sourcecode.c.objc; path = SceneDelegate.m; sourceTree = "<group>"; };
		BDD7B30123A2BF92008BAD46 /* ViewController.h */ = {isa = PBXFileReference; lastKnownFileType = sourcecode.c.h; path = ViewController.h; sourceTree = "<group>"; };
		BDD7B30223A2BF92008BAD46 /* ViewController.m */ = {isa = PBXFileReference; lastKnownFileType = sourcecode.c.objc; path = ViewController.m; sourceTree = "<group>"; };
		BDD7B30523A2BF92008BAD46 /* Base */ = {isa = PBXFileReference; lastKnownFileType = file.storyboard; name = Base; path = Base.lproj/Main.storyboard; sourceTree = "<group>"; };
		BDD7B30723A2BF95008BAD46 /* Assets.xcassets */ = {isa = PBXFileReference; lastKnownFileType = folder.assetcatalog; path = Assets.xcassets; sourceTree = "<group>"; };
		BDD7B30A23A2BF95008BAD46 /* Base */ = {isa = PBXFileReference; lastKnownFileType = file.storyboard; name = Base; path = Base.lproj/LaunchScreen.storyboard; sourceTree = "<group>"; };
		BDD7B30C23A2BF95008BAD46 /* Info.plist */ = {isa = PBXFileReference; lastKnownFileType = text.plist.xml; path = Info.plist; sourceTree = "<group>"; };
		BDD7B30D23A2BF95008BAD46 /* main.m */ = {isa = PBXFileReference; lastKnownFileType = sourcecode.c.objc; path = main.m; sourceTree = "<group>"; };
		BDD7B31423A2C56A008BAD46 /* LSIPerson.m */ = {isa = PBXFileReference; fileEncoding = 4; lastKnownFileType = sourcecode.c.objc; path = LSIPerson.m; sourceTree = "<group>"; };
		BDD7B31523A2C56A008BAD46 /* LSIPerson.h */ = {isa = PBXFileReference; fileEncoding = 4; lastKnownFileType = sourcecode.c.h; path = LSIPerson.h; sourceTree = "<group>"; };
/* End PBXFileReference section */

/* Begin PBXFrameworksBuildPhase section */
		BDD7B2F523A2BF92008BAD46 /* Frameworks */ = {
			isa = PBXFrameworksBuildPhase;
			buildActionMask = 2147483647;
			files = (
			);
			runOnlyForDeploymentPostprocessing = 0;
		};
/* End PBXFrameworksBuildPhase section */

/* Begin PBXGroup section */
		BDD7B2EF23A2BF92008BAD46 = {
			isa = PBXGroup;
			children = (
				BDD7B2FA23A2BF92008BAD46 /* iOS10-Numbers */,
				BDD7B2F923A2BF92008BAD46 /* Products */,
			);
			sourceTree = "<group>";
		};
		BDD7B2F923A2BF92008BAD46 /* Products */ = {
			isa = PBXGroup;
			children = (
				BDD7B2F823A2BF92008BAD46 /* iOS10-Numbers.app */,
			);
			name = Products;
			sourceTree = "<group>";
		};
		BDD7B2FA23A2BF92008BAD46 /* iOS10-Numbers */ = {
			isa = PBXGroup;
			children = (
				BDD7B2FB23A2BF92008BAD46 /* AppDelegate.h */,
				BDD7B2FC23A2BF92008BAD46 /* AppDelegate.m */,
				BDD7B2FE23A2BF92008BAD46 /* SceneDelegate.h */,
				BDD7B2FF23A2BF92008BAD46 /* SceneDelegate.m */,
				BDD7B30123A2BF92008BAD46 /* ViewController.h */,
				BDD7B30223A2BF92008BAD46 /* ViewController.m */,
				BDD7B31523A2C56A008BAD46 /* LSIPerson.h */,
				BDD7B31423A2C56A008BAD46 /* LSIPerson.m */,
				BDD7B30423A2BF92008BAD46 /* Main.storyboard */,
				BDD7B30723A2BF95008BAD46 /* Assets.xcassets */,
				BDD7B30923A2BF95008BAD46 /* LaunchScreen.storyboard */,
				BDD7B30C23A2BF95008BAD46 /* Info.plist */,
				BDD7B30D23A2BF95008BAD46 /* main.m */,
			);
			path = "iOS10-Numbers";
			sourceTree = "<group>";
		};
/* End PBXGroup section */

/* Begin PBXNativeTarget section */
		BDD7B2F723A2BF92008BAD46 /* iOS10-Numbers */ = {
			isa = PBXNativeTarget;
			buildConfigurationList = BDD7B31123A2BF95008BAD46 /* Build configuration list for PBXNativeTarget "iOS10-Numbers" */;
			buildPhases = (
				BDD7B2F423A2BF92008BAD46 /* Sources */,
				BDD7B2F523A2BF92008BAD46 /* Frameworks */,
				BDD7B2F623A2BF92008BAD46 /* Resources */,
			);
			buildRules = (
			);
			dependencies = (
			);
			name = "iOS10-Numbers";
			productName = "iOS10-Numbers";
			productReference = BDD7B2F823A2BF92008BAD46 /* iOS10-Numbers.app */;
			productType = "com.apple.product-type.application";
		};
/* End PBXNativeTarget section */

/* Begin PBXProject section */
		BDD7B2F023A2BF92008BAD46 /* Project object */ = {
			isa = PBXProject;
			attributes = {
				LastUpgradeCheck = 1130;
				ORGANIZATIONNAME = "Lambda, Inc";
				TargetAttributes = {
					BDD7B2F723A2BF92008BAD46 = {
						CreatedOnToolsVersion = 11.3;
					};
				};
			};
			buildConfigurationList = BDD7B2F323A2BF92008BAD46 /* Build configuration list for PBXProject "iOS10-Numbers" */;
			compatibilityVersion = "Xcode 9.3";
			developmentRegion = en;
			hasScannedForEncodings = 0;
			knownRegions = (
				en,
				Base,
			);
			mainGroup = BDD7B2EF23A2BF92008BAD46;
			productRefGroup = BDD7B2F923A2BF92008BAD46 /* Products */;
			projectDirPath = "";
			projectRoot = "";
			targets = (
				BDD7B2F723A2BF92008BAD46 /* iOS10-Numbers */,
			);
		};
/* End PBXProject section */

/* Begin PBXResourcesBuildPhase section */
		BDD7B2F623A2BF92008BAD46 /* Resources */ = {
			isa = PBXResourcesBuildPhase;
			buildActionMask = 2147483647;
			files = (
				BDD7B30B23A2BF95008BAD46 /* LaunchScreen.storyboard in Resources */,
				BDD7B30823A2BF95008BAD46 /* Assets.xcassets in Resources */,
				BDD7B30623A2BF92008BAD46 /* Main.storyboard in Resources */,
			);
			runOnlyForDeploymentPostprocessing = 0;
		};
/* End PBXResourcesBuildPhase section */

/* Begin PBXSourcesBuildPhase section */
		BDD7B2F423A2BF92008BAD46 /* Sources */ = {
			isa = PBXSourcesBuildPhase;
			buildActionMask = 2147483647;
			files = (
				BDD7B30323A2BF92008BAD46 /* ViewController.m in Sources */,
				BDD7B2FD23A2BF92008BAD46 /* AppDelegate.m in Sources */,
				BDD7B30E23A2BF95008BAD46 /* main.m in Sources */,
				BDD7B30023A2BF92008BAD46 /* SceneDelegate.m in Sources */,
				BDD7B31623A2C56A008BAD46 /* LSIPerson.m in Sources */,
			);
			runOnlyForDeploymentPostprocessing = 0;
		};
/* End PBXSourcesBuildPhase section */

/* Begin PBXVariantGroup section */
		BDD7B30423A2BF92008BAD46 /* Main.storyboard */ = {
			isa = PBXVariantGroup;
			children = (
				BDD7B30523A2BF92008BAD46 /* Base */,
			);
			name = Main.storyboard;
			sourceTree = "<group>";
		};
		BDD7B30923A2BF95008BAD46 /* LaunchScreen.storyboard */ = {
			isa = PBXVariantGroup;
			children = (
				BDD7B30A23A2BF95008BAD46 /* Base */,
			);
			name = LaunchScreen.storyboard;
			sourceTree = "<group>";
		};
/* End PBXVariantGroup section */

/* Begin XCBuildConfiguration section */
		BDD7B30F23A2BF95008BAD46 /* Debug */ = {
			isa = XCBuildConfiguration;
			buildSettings = {
				ALWAYS_SEARCH_USER_PATHS = NO;
				CLANG_ANALYZER_NONNULL = YES;
				CLANG_ANALYZER_NUMBER_OBJECT_CONVERSION = YES_AGGRESSIVE;
				CLANG_CXX_LANGUAGE_STANDARD = "gnu++14";
				CLANG_CXX_LIBRARY = "libc++";
				CLANG_ENABLE_MODULES = YES;
				CLANG_ENABLE_OBJC_ARC = YES;
				CLANG_ENABLE_OBJC_WEAK = YES;
				CLANG_WARN_BLOCK_CAPTURE_AUTORELEASING = YES;
				CLANG_WARN_BOOL_CONVERSION = YES;
				CLANG_WARN_COMMA = YES;
				CLANG_WARN_CONSTANT_CONVERSION = YES;
				CLANG_WARN_DEPRECATED_OBJC_IMPLEMENTATIONS = YES;
				CLANG_WARN_DIRECT_OBJC_ISA_USAGE = YES_ERROR;
				CLANG_WARN_DOCUMENTATION_COMMENTS = YES;
				CLANG_WARN_EMPTY_BODY = YES;
				CLANG_WARN_ENUM_CONVERSION = YES;
				CLANG_WARN_INFINITE_RECURSION = YES;
				CLANG_WARN_INT_CONVERSION = YES;
				CLANG_WARN_NON_LITERAL_NULL_CONVERSION = YES;
				CLANG_WARN_OBJC_IMPLICIT_RETAIN_SELF = YES;
				CLANG_WARN_OBJC_LITERAL_CONVERSION = YES;
				CLANG_WARN_OBJC_ROOT_CLASS = YES_ERROR;
				CLANG_WARN_RANGE_LOOP_ANALYSIS = YES;
				CLANG_WARN_STRICT_PROTOTYPES = YES;
				CLANG_WARN_SUSPICIOUS_MOVE = YES;
				CLANG_WARN_UNGUARDED_AVAILABILITY = YES_AGGRESSIVE;
				CLANG_WARN_UNREACHABLE_CODE = YES;
				CLANG_WARN__DUPLICATE_METHOD_MATCH = YES;
				COPY_PHASE_STRIP = NO;
				DEBUG_INFORMATION_FORMAT = dwarf;
				ENABLE_STRICT_OBJC_MSGSEND = YES;
				ENABLE_TESTABILITY = YES;
				GCC_C_LANGUAGE_STANDARD = gnu11;
				GCC_DYNAMIC_NO_PIC = NO;
				GCC_NO_COMMON_BLOCKS = YES;
				GCC_OPTIMIZATION_LEVEL = 0;
				GCC_PREPROCESSOR_DEFINITIONS = (
					"DEBUG=1",
					"$(inherited)",
				);
				GCC_WARN_64_TO_32_BIT_CONVERSION = YES;
				GCC_WARN_ABOUT_RETURN_TYPE = YES_ERROR;
				GCC_WARN_UNDECLARED_SELECTOR = YES;
				GCC_WARN_UNINITIALIZED_AUTOS = YES_AGGRESSIVE;
				GCC_WARN_UNUSED_FUNCTION = YES;
				GCC_WARN_UNUSED_VARIABLE = YES;
				IPHONEOS_DEPLOYMENT_TARGET = 13.2;
				MTL_ENABLE_DEBUG_INFO = INCLUDE_SOURCE;
				MTL_FAST_MATH = YES;
				ONLY_ACTIVE_ARCH = YES;
				SDKROOT = iphoneos;
			};
			name = Debug;
		};
		BDD7B31023A2BF95008BAD46 /* Release */ = {
			isa = XCBuildConfiguration;
			buildSettings = {
				ALWAYS_SEARCH_USER_PATHS = NO;
				CLANG_ANALYZER_NONNULL = YES;
				CLANG_ANALYZER_NUMBER_OBJECT_CONVERSION = YES_AGGRESSIVE;
				CLANG_CXX_LANGUAGE_STANDARD = "gnu++14";
				CLANG_CXX_LIBRARY = "libc++";
				CLANG_ENABLE_MODULES = YES;
				CLANG_ENABLE_OBJC_ARC = YES;
				CLANG_ENABLE_OBJC_WEAK = YES;
				CLANG_WARN_BLOCK_CAPTURE_AUTORELEASING = YES;
				CLANG_WARN_BOOL_CONVERSION = YES;
				CLANG_WARN_COMMA = YES;
				CLANG_WARN_CONSTANT_CONVERSION = YES;
				CLANG_WARN_DEPRECATED_OBJC_IMPLEMENTATIONS = YES;
				CLANG_WARN_DIRECT_OBJC_ISA_USAGE = YES_ERROR;
				CLANG_WARN_DOCUMENTATION_COMMENTS = YES;
				CLANG_WARN_EMPTY_BODY = YES;
				CLANG_WARN_ENUM_CONVERSION = YES;
				CLANG_WARN_INFINITE_RECURSION = YES;
				CLANG_WARN_INT_CONVERSION = YES;
				CLANG_WARN_NON_LITERAL_NULL_CONVERSION = YES;
				CLANG_WARN_OBJC_IMPLICIT_RETAIN_SELF = YES;
				CLANG_WARN_OBJC_LITERAL_CONVERSION = YES;
				CLANG_WARN_OBJC_ROOT_CLASS = YES_ERROR;
				CLANG_WARN_RANGE_LOOP_ANALYSIS = YES;
				CLANG_WARN_STRICT_PROTOTYPES = YES;
				CLANG_WARN_SUSPICIOUS_MOVE = YES;
				CLANG_WARN_UNGUARDED_AVAILABILITY = YES_AGGRESSIVE;
				CLANG_WARN_UNREACHABLE_CODE = YES;
				CLANG_WARN__DUPLICATE_METHOD_MATCH = YES;
				COPY_PHASE_STRIP = NO;
				DEBUG_INFORMATION_FORMAT = "dwarf-with-dsym";
				ENABLE_NS_ASSERTIONS = NO;
				ENABLE_STRICT_OBJC_MSGSEND = YES;
				GCC_C_LANGUAGE_STANDARD = gnu11;
				GCC_NO_COMMON_BLOCKS = YES;
				GCC_WARN_64_TO_32_BIT_CONVERSION = YES;
				GCC_WARN_ABOUT_RETURN_TYPE = YES_ERROR;
				GCC_WARN_UNDECLARED_SELECTOR = YES;
				GCC_WARN_UNINITIALIZED_AUTOS = YES_AGGRESSIVE;
				GCC_WARN_UNUSED_FUNCTION = YES;
				GCC_WARN_UNUSED_VARIABLE = YES;
				IPHONEOS_DEPLOYMENT_TARGET = 13.2;
				MTL_ENABLE_DEBUG_INFO = NO;
				MTL_FAST_MATH = YES;
				SDKROOT = iphoneos;
				VALIDATE_PRODUCT = YES;
			};
			name = Release;
		};
		BDD7B31223A2BF95008BAD46 /* Debug */ = {
			isa = XCBuildConfiguration;
			buildSettings = {
				ASSETCATALOG_COMPILER_APPICON_NAME = AppIcon;
				CODE_SIGN_STYLE = Automatic;
				DEVELOPMENT_TEAM = VXUQXR6S56;
				INFOPLIST_FILE = "iOS10-Numbers/Info.plist";
				LD_RUNPATH_SEARCH_PATHS = (
					"$(inherited)",
					"@executable_path/Frameworks",
				);
				PRODUCT_BUNDLE_IDENTIFIER = "com.lambdaschool.iOS10-Numbers";
				PRODUCT_NAME = "$(TARGET_NAME)";
				TARGETED_DEVICE_FAMILY = "1,2";
			};
			name = Debug;
		};
		BDD7B31323A2BF95008BAD46 /* Release */ = {
			isa = XCBuildConfiguration;
			buildSettings = {
				ASSETCATALOG_COMPILER_APPICON_NAME = AppIcon;
				CODE_SIGN_STYLE = Automatic;
				DEVELOPMENT_TEAM = VXUQXR6S56;
				INFOPLIST_FILE = "iOS10-Numbers/Info.plist";
				LD_RUNPATH_SEARCH_PATHS = (
					"$(inherited)",
					"@executable_path/Frameworks",
				);
				PRODUCT_BUNDLE_IDENTIFIER = "com.lambdaschool.iOS10-Numbers";
				PRODUCT_NAME = "$(TARGET_NAME)";
				TARGETED_DEVICE_FAMILY = "1,2";
			};
			name = Release;
		};
/* End XCBuildConfiguration section */

/* Begin XCConfigurationList section */
		BDD7B2F323A2BF92008BAD46 /* Build configuration list for PBXProject "iOS10-Numbers" */ = {
			isa = XCConfigurationList;
			buildConfigurations = (
				BDD7B30F23A2BF95008BAD46 /* Debug */,
				BDD7B31023A2BF95008BAD46 /* Release */,
			);
			defaultConfigurationIsVisible = 0;
			defaultConfigurationName = Release;
		};
		BDD7B31123A2BF95008BAD46 /* Build configuration list for PBXNativeTarget "iOS10-Numbers" */ = {
			isa = XCConfigurationList;
			buildConfigurations = (
				BDD7B31223A2BF95008BAD46 /* Debug */,
				BDD7B31323A2BF95008BAD46 /* Release */,
			);
			defaultConfigurationIsVisible = 0;
			defaultConfigurationName = Release;
		};
/* End XCConfigurationList section */
	};
	rootObject = BDD7B2F023A2BF92008BAD46 /* Project object */;
}
